
Microsoft Visual Studio Solution File, Format Version 12.00
# Visual Studio Version 17
VisualStudioVersion = 17.10.35013.160
MinimumVisualStudioVersion = 10.0.40219.1
Project("{2150E333-8FDC-42A3-9474-1A3956D46DE8}") = "1. Apresentação", "1. Apresentação", "{E68BDA86-2F52-4BA8-8930-14C47277689B}"
EndProject
Project("{2150E333-8FDC-42A3-9474-1A3956D46DE8}") = "2. Domínio", "2. Domínio", "{924FC8C9-B255-4C63-856E-EF4AE8038453}"
EndProject
Project("{2150E333-8FDC-42A3-9474-1A3956D46DE8}") = "3. Infraestrutura", "3. Infraestrutura", "{CC00371E-017D-4EB2-BEB2-70D1359DCAE6}"
EndProject
Project("{9A19103F-16F7-4668-BE54-9A1E7A4F7556}") = "ControleDeBar.Dominio", "ControleDeBar.Dominio\ControleDeBar.Dominio.csproj", "{16BDE09D-2510-4B31-AB59-ED7D02D30330}"
EndProject
Project("{9A19103F-16F7-4668-BE54-9A1E7A4F7556}") = "ControleDeBar.WinApp", "ControleDeBar.WinApp\ControleDeBar.WinApp.csproj", "{39008F60-77EF-4460-AEB7-7A64FEA4EC47}"
EndProject
Project("{9A19103F-16F7-4668-BE54-9A1E7A4F7556}") = "ControleDeBar.Infra", "ControleDeBar.Infra\ControleDeBar.Infra.csproj", "{3EA8A282-8A2A-4D2E-99E2-63F90537886A}"
EndProject
Project("{2150E333-8FDC-42A3-9474-1A3956D46DE8}") = "4.Testes", "4.Testes", "{A0684134-FB97-4732-9949-0D2493466D78}"
EndProject
Project("{FAE04EC0-301F-11D3-BF4B-00C04F79EFBC}") = "ControleDeBar.Testes.Unidade", "ControleDeBar.Testes.Unidade\ControleDeBar.Testes.Unidade.csproj", "{D9B24BED-BB8B-48BF-B587-4A5518BC5B41}"
EndProject
Project("{2150E333-8FDC-42A3-9474-1A3956D46DE8}") = "4.1. Unidade", "4.1. Unidade", "{ED231FDE-8081-4568-B1B1-C30CC54BF3D6}"
EndProject
Project("{2150E333-8FDC-42A3-9474-1A3956D46DE8}") = "4.2. Integracao", "4.2. Integracao", "{0A70D5CD-5216-4EE1-8A0E-998551B38C31}"
EndProject
Global
	GlobalSection(SolutionConfigurationPlatforms) = preSolution
		Debug|Any CPU = Debug|Any CPU
		Release|Any CPU = Release|Any CPU
	EndGlobalSection
	GlobalSection(ProjectConfigurationPlatforms) = postSolution
		{16BDE09D-2510-4B31-AB59-ED7D02D30330}.Debug|Any CPU.ActiveCfg = Debug|Any CPU
		{16BDE09D-2510-4B31-AB59-ED7D02D30330}.Debug|Any CPU.Build.0 = Debug|Any CPU
		{16BDE09D-2510-4B31-AB59-ED7D02D30330}.Release|Any CPU.ActiveCfg = Release|Any CPU
		{16BDE09D-2510-4B31-AB59-ED7D02D30330}.Release|Any CPU.Build.0 = Release|Any CPU
		{39008F60-77EF-4460-AEB7-7A64FEA4EC47}.Debug|Any CPU.ActiveCfg = Debug|Any CPU
		{39008F60-77EF-4460-AEB7-7A64FEA4EC47}.Debug|Any CPU.Build.0 = Debug|Any CPU
		{39008F60-77EF-4460-AEB7-7A64FEA4EC47}.Release|Any CPU.ActiveCfg = Release|Any CPU
		{39008F60-77EF-4460-AEB7-7A64FEA4EC47}.Release|Any CPU.Build.0 = Release|Any CPU
		{3EA8A282-8A2A-4D2E-99E2-63F90537886A}.Debug|Any CPU.ActiveCfg = Debug|Any CPU
		{3EA8A282-8A2A-4D2E-99E2-63F90537886A}.Debug|Any CPU.Build.0 = Debug|Any CPU
		{3EA8A282-8A2A-4D2E-99E2-63F90537886A}.Release|Any CPU.ActiveCfg = Release|Any CPU
		{3EA8A282-8A2A-4D2E-99E2-63F90537886A}.Release|Any CPU.Build.0 = Release|Any CPU
		{D9B24BED-BB8B-48BF-B587-4A5518BC5B41}.Debug|Any CPU.ActiveCfg = Debug|Any CPU
		{D9B24BED-BB8B-48BF-B587-4A5518BC5B41}.Debug|Any CPU.Build.0 = Debug|Any CPU
		{D9B24BED-BB8B-48BF-B587-4A5518BC5B41}.Release|Any CPU.ActiveCfg = Release|Any CPU
		{D9B24BED-BB8B-48BF-B587-4A5518BC5B41}.Release|Any CPU.Build.0 = Release|Any CPU
	EndGlobalSection
	GlobalSection(SolutionProperties) = preSolution
		HideSolutionNode = FALSE
	EndGlobalSection
	GlobalSection(NestedProjects) = preSolution
		{16BDE09D-2510-4B31-AB59-ED7D02D30330} = {924FC8C9-B255-4C63-856E-EF4AE8038453}
		{39008F60-77EF-4460-AEB7-7A64FEA4EC47} = {E68BDA86-2F52-4BA8-8930-14C47277689B}
		{3EA8A282-8A2A-4D2E-99E2-63F90537886A} = {CC00371E-017D-4EB2-BEB2-70D1359DCAE6}
		{D9B24BED-BB8B-48BF-B587-4A5518BC5B41} = {ED231FDE-8081-4568-B1B1-C30CC54BF3D6}
		{ED231FDE-8081-4568-B1B1-C30CC54BF3D6} = {A0684134-FB97-4732-9949-0D2493466D78}
		{0A70D5CD-5216-4EE1-8A0E-998551B38C31} = {A0684134-FB97-4732-9949-0D2493466D78}
	EndGlobalSection
	GlobalSection(ExtensibilityGlobals) = postSolution
		SolutionGuid = {F602749B-4698-472B-B8FD-15503196A21B}
	EndGlobalSection
EndGlobal
